// !$*UTF8*$!
{
	archiveVersion = 1;
	classes = {
	};
	objectVersion = 46;
	objects = {

/* Begin PBXBuildFile section */
		6104742C222349210095A80B /* aircraft_data.json in CopyFiles */ = {isa = PBXBuildFile; fileRef = 610474282223491A0095A80B /* aircraft_data.json */; };
		6104742D222349210095A80B /* weapon_data.json in CopyFiles */ = {isa = PBXBuildFile; fileRef = 610474292223491A0095A80B /* weapon_data.json */; };
		6104742E222349210095A80B /* map_data.json in CopyFiles */ = {isa = PBXBuildFile; fileRef = 6104742A2223491A0095A80B /* map_data.json */; };
		6104742F222349210095A80B /* ship_data.json in CopyFiles */ = {isa = PBXBuildFile; fileRef = 6104742B2223491A0095A80B /* ship_data.json */; };
		6104743122234AD10095A80B /* naval_station_data.json in CopyFiles */ = {isa = PBXBuildFile; fileRef = 6104743022234ACC0095A80B /* naval_station_data.json */; };
		61148E1B2213460000AFF3F1 /* player.cpp in Sources */ = {isa = PBXBuildFile; fileRef = 61148E192213460000AFF3F1 /* player.cpp */; };
		61148E4C2214FBFF00AFF3F1 /* mutable_unit.cpp in Sources */ = {isa = PBXBuildFile; fileRef = 61148E4A2214FBFF00AFF3F1 /* mutable_unit.cpp */; };
		61148E6B221695A600AFF3F1 /* weapon_system.cpp in Sources */ = {isa = PBXBuildFile; fileRef = 61148E69221695A600AFF3F1 /* weapon_system.cpp */; };
		61148E712217636A00AFF3F1 /* weapon_mount.cpp in Sources */ = {isa = PBXBuildFile; fileRef = 61148E6F2217636A00AFF3F1 /* weapon_mount.cpp */; };
		61148E97221CF10F00AFF3F1 /* map_display_ascii.cpp in Sources */ = {isa = PBXBuildFile; fileRef = 61148E95221CF10F00AFF3F1 /* map_display_ascii.cpp */; };
		61148E9A221D0A4300AFF3F1 /* task_force.cpp in Sources */ = {isa = PBXBuildFile; fileRef = 61148E98221D0A4300AFF3F1 /* task_force.cpp */; };
		61148EA6221DB96100AFF3F1 /* tests.cpp in Sources */ = {isa = PBXBuildFile; fileRef = 61148EA4221DB96100AFF3F1 /* tests.cpp */; };
		61148EBD2220923D00AFF3F1 /* aircraft.cpp in Sources */ = {isa = PBXBuildFile; fileRef = 61148EBB2220923D00AFF3F1 /* aircraft.cpp */; };
		61148EC32223445700AFF3F1 /* naval_station.cpp in Sources */ = {isa = PBXBuildFile; fileRef = 61148EC12223445700AFF3F1 /* naval_station.cpp */; };
		617070CF224B40A50083C2EC /* scenario_1_data.json in CopyFiles */ = {isa = PBXBuildFile; fileRef = 617070CE224B405E0083C2EC /* scenario_1_data.json */; };
		6173C2E9224F395C00C580D0 /* map_data.cpp in Sources */ = {isa = PBXBuildFile; fileRef = 6173C2DE224F395C00C580D0 /* map_data.cpp */; };
		6173C2EA224F395C00C580D0 /* scenario_data.cpp in Sources */ = {isa = PBXBuildFile; fileRef = 6173C2E0224F395C00C580D0 /* scenario_data.cpp */; };
		6173C2EB224F395C00C580D0 /* weapon_data.cpp in Sources */ = {isa = PBXBuildFile; fileRef = 6173C2E2224F395C00C580D0 /* weapon_data.cpp */; };
		6173C2EC224F395C00C580D0 /* game_data.cpp in Sources */ = {isa = PBXBuildFile; fileRef = 6173C2E3224F395C00C580D0 /* game_data.cpp */; };
		6173C2ED224F395C00C580D0 /* naval_station_data.cpp in Sources */ = {isa = PBXBuildFile; fileRef = 6173C2E6224F395C00C580D0 /* naval_station_data.cpp */; };
		6173C2EE224F395C00C580D0 /* aircraft_data.cpp in Sources */ = {isa = PBXBuildFile; fileRef = 6173C2E8224F395C00C580D0 /* aircraft_data.cpp */; };
		6173C301224F3A3B00C580D0 /* log.cpp in Sources */ = {isa = PBXBuildFile; fileRef = 6173C2F7224F3A3A00C580D0 /* log.cpp */; };
		6173C302224F3A3B00C580D0 /* file.cpp in Sources */ = {isa = PBXBuildFile; fileRef = 6173C2FA224F3A3A00C580D0 /* file.cpp */; };
		6173C303224F3A3B00C580D0 /* json11.cpp in Sources */ = {isa = PBXBuildFile; fileRef = 6173C2FF224F3A3A00C580D0 /* json11.cpp */; };
		6173C306224F3A7B00C580D0 /* object.cpp in Sources */ = {isa = PBXBuildFile; fileRef = 6173C304224F3A7B00C580D0 /* object.cpp */; };
		6173C317224F3CF900C580D0 /* affiliation_type.cpp in Sources */ = {isa = PBXBuildFile; fileRef = 6173C308224F3CF900C580D0 /* affiliation_type.cpp */; };
		6173C318224F3CF900C580D0 /* aircraft_type.cpp in Sources */ = {isa = PBXBuildFile; fileRef = 6173C30C224F3CF900C580D0 /* aircraft_type.cpp */; };
		6173C319224F3CF900C580D0 /* unit_type.cpp in Sources */ = {isa = PBXBuildFile; fileRef = 6173C30F224F3CF900C580D0 /* unit_type.cpp */; };
		6173C31A224F3CF900C580D0 /* task_force_mission_type.cpp in Sources */ = {isa = PBXBuildFile; fileRef = 6173C310224F3CF900C580D0 /* task_force_mission_type.cpp */; };
		6173C31B224F3CF900C580D0 /* grid_type.cpp in Sources */ = {isa = PBXBuildFile; fileRef = 6173C312224F3CF900C580D0 /* grid_type.cpp */; };
		6173C31C224F3CF900C580D0 /* weather_type.cpp in Sources */ = {isa = PBXBuildFile; fileRef = 6173C313224F3CF900C580D0 /* weather_type.cpp */; };
		6173C31D224F3CF900C580D0 /* weapon_system_type.cpp in Sources */ = {isa = PBXBuildFile; fileRef = 6173C315224F3CF900C580D0 /* weapon_system_type.cpp */; };
		6173C320224F3D0300C580D0 /* ship_data.cpp in Sources */ = {isa = PBXBuildFile; fileRef = 6173C31F224F3D0200C580D0 /* ship_data.cpp */; };
		618D3FDD2225D4E200C081CA /* pipeline_unit.cpp in Sources */ = {isa = PBXBuildFile; fileRef = 618D3FDB2225D4E200C081CA /* pipeline_unit.cpp */; };
		618D3FE02225D64E00C081CA /* pipeline.cpp in Sources */ = {isa = PBXBuildFile; fileRef = 618D3FDE2225D64E00C081CA /* pipeline.cpp */; };
		61F7D0132210980D009C3F34 /* main.cpp in Sources */ = {isa = PBXBuildFile; fileRef = 61F7D0122210980D009C3F34 /* main.cpp */; };
		61F7D01B2210985D009C3F34 /* unit.cpp in Sources */ = {isa = PBXBuildFile; fileRef = 61F7D0192210985D009C3F34 /* unit.cpp */; };
		61F7D02122109FD3009C3F34 /* grid.cpp in Sources */ = {isa = PBXBuildFile; fileRef = 61F7D01F22109FD3009C3F34 /* grid.cpp */; };
		61F7D0292210A523009C3F34 /* weather.cpp in Sources */ = {isa = PBXBuildFile; fileRef = 61F7D0272210A523009C3F34 /* weather.cpp */; };
		61F7D02F2210BDD3009C3F34 /* map.cpp in Sources */ = {isa = PBXBuildFile; fileRef = 61F7D02D2210BDD3009C3F34 /* map.cpp */; };
		61F7D0362211D972009C3F34 /* game.cpp in Sources */ = {isa = PBXBuildFile; fileRef = 61F7D0342211D972009C3F34 /* game.cpp */; };
/* End PBXBuildFile section */

/* Begin PBXCopyFilesBuildPhase section */
		61F7D00D2210980D009C3F34 /* CopyFiles */ = {
			isa = PBXCopyFilesBuildPhase;
			buildActionMask = 12;
			dstPath = "";
			dstSubfolderSpec = 6;
			files = (
				617070CF224B40A50083C2EC /* scenario_1_data.json in CopyFiles */,
				6104743122234AD10095A80B /* naval_station_data.json in CopyFiles */,
				6104742C222349210095A80B /* aircraft_data.json in CopyFiles */,
				6104742D222349210095A80B /* weapon_data.json in CopyFiles */,
				6104742E222349210095A80B /* map_data.json in CopyFiles */,
				6104742F222349210095A80B /* ship_data.json in CopyFiles */,
			);
			runOnlyForDeploymentPostprocessing = 0;
		};
/* End PBXCopyFilesBuildPhase section */

/* Begin PBXFileReference section */
		610474282223491A0095A80B /* aircraft_data.json */ = {isa = PBXFileReference; fileEncoding = 4; lastKnownFileType = text.json; name = aircraft_data.json; path = data/aircraft_data.json; sourceTree = "<group>"; };
		610474292223491A0095A80B /* weapon_data.json */ = {isa = PBXFileReference; fileEncoding = 4; lastKnownFileType = text.json; name = weapon_data.json; path = data/weapon_data.json; sourceTree = "<group>"; };
		6104742A2223491A0095A80B /* map_data.json */ = {isa = PBXFileReference; fileEncoding = 4; lastKnownFileType = text.json; name = map_data.json; path = data/map_data.json; sourceTree = "<group>"; };
		6104742B2223491A0095A80B /* ship_data.json */ = {isa = PBXFileReference; fileEncoding = 4; lastKnownFileType = text.json; name = ship_data.json; path = data/ship_data.json; sourceTree = "<group>"; };
		6104743022234ACC0095A80B /* naval_station_data.json */ = {isa = PBXFileReference; fileEncoding = 4; lastKnownFileType = text.json; name = naval_station_data.json; path = data/naval_station_data.json; sourceTree = "<group>"; };
		61148E192213460000AFF3F1 /* player.cpp */ = {isa = PBXFileReference; fileEncoding = 4; lastKnownFileType = sourcecode.cpp.cpp; path = player.cpp; sourceTree = "<group>"; };
		61148E1A2213460000AFF3F1 /* player.hpp */ = {isa = PBXFileReference; fileEncoding = 4; lastKnownFileType = sourcecode.cpp.h; path = player.hpp; sourceTree = "<group>"; };
		61148E4A2214FBFF00AFF3F1 /* mutable_unit.cpp */ = {isa = PBXFileReference; fileEncoding = 4; lastKnownFileType = sourcecode.cpp.cpp; path = mutable_unit.cpp; sourceTree = "<group>"; };
		61148E4B2214FBFF00AFF3F1 /* mutable_unit.hpp */ = {isa = PBXFileReference; fileEncoding = 4; lastKnownFileType = sourcecode.cpp.h; path = mutable_unit.hpp; sourceTree = "<group>"; };
		61148E69221695A600AFF3F1 /* weapon_system.cpp */ = {isa = PBXFileReference; fileEncoding = 4; lastKnownFileType = sourcecode.cpp.cpp; path = weapon_system.cpp; sourceTree = "<group>"; };
		61148E6A221695A600AFF3F1 /* weapon_system.hpp */ = {isa = PBXFileReference; fileEncoding = 4; lastKnownFileType = sourcecode.cpp.h; path = weapon_system.hpp; sourceTree = "<group>"; };
		61148E6F2217636A00AFF3F1 /* weapon_mount.cpp */ = {isa = PBXFileReference; fileEncoding = 4; lastKnownFileType = sourcecode.cpp.cpp; path = weapon_mount.cpp; sourceTree = "<group>"; };
		61148E702217636A00AFF3F1 /* weapon_mount.hpp */ = {isa = PBXFileReference; fileEncoding = 4; lastKnownFileType = sourcecode.cpp.h; path = weapon_mount.hpp; sourceTree = "<group>"; };
		61148E73221765E300AFF3F1 /* weapon_mount_exception.hpp */ = {isa = PBXFileReference; fileEncoding = 4; lastKnownFileType = sourcecode.cpp.h; path = weapon_mount_exception.hpp; sourceTree = "<group>"; };
		61148E94221CCFD300AFF3F1 /* weapon_data_exception.hpp */ = {isa = PBXFileReference; fileEncoding = 4; lastKnownFileType = sourcecode.cpp.h; path = weapon_data_exception.hpp; sourceTree = "<group>"; };
		61148E95221CF10F00AFF3F1 /* map_display_ascii.cpp */ = {isa = PBXFileReference; fileEncoding = 4; lastKnownFileType = sourcecode.cpp.cpp; path = map_display_ascii.cpp; sourceTree = "<group>"; };
		61148E96221CF10F00AFF3F1 /* map_display_ascii.hpp */ = {isa = PBXFileReference; fileEncoding = 4; lastKnownFileType = sourcecode.cpp.h; path = map_display_ascii.hpp; sourceTree = "<group>"; };
		61148E98221D0A4300AFF3F1 /* task_force.cpp */ = {isa = PBXFileReference; fileEncoding = 4; lastKnownFileType = sourcecode.cpp.cpp; path = task_force.cpp; sourceTree = "<group>"; };
		61148E99221D0A4300AFF3F1 /* task_force.hpp */ = {isa = PBXFileReference; fileEncoding = 4; lastKnownFileType = sourcecode.cpp.h; path = task_force.hpp; sourceTree = "<group>"; };
		61148EA4221DB96100AFF3F1 /* tests.cpp */ = {isa = PBXFileReference; fileEncoding = 4; lastKnownFileType = sourcecode.cpp.cpp; path = tests.cpp; sourceTree = "<group>"; };
		61148EA5221DB96100AFF3F1 /* tests.hpp */ = {isa = PBXFileReference; fileEncoding = 4; lastKnownFileType = sourcecode.cpp.h; path = tests.hpp; sourceTree = "<group>"; };
		61148EBB2220923D00AFF3F1 /* aircraft.cpp */ = {isa = PBXFileReference; fileEncoding = 4; lastKnownFileType = sourcecode.cpp.cpp; path = aircraft.cpp; sourceTree = "<group>"; };
		61148EBC2220923D00AFF3F1 /* aircraft.hpp */ = {isa = PBXFileReference; fileEncoding = 4; lastKnownFileType = sourcecode.cpp.h; path = aircraft.hpp; sourceTree = "<group>"; };
		61148EC12223445700AFF3F1 /* naval_station.cpp */ = {isa = PBXFileReference; fileEncoding = 4; lastKnownFileType = sourcecode.cpp.cpp; path = naval_station.cpp; sourceTree = "<group>"; };
		61148EC22223445700AFF3F1 /* naval_station.hpp */ = {isa = PBXFileReference; fileEncoding = 4; lastKnownFileType = sourcecode.cpp.h; path = naval_station.hpp; sourceTree = "<group>"; };
		617070CE224B405E0083C2EC /* scenario_1_data.json */ = {isa = PBXFileReference; fileEncoding = 4; lastKnownFileType = text.json; name = scenario_1_data.json; path = data/scenario_1_data.json; sourceTree = "<group>"; };
		6173C2DD224F395C00C580D0 /* aircraft_data.hpp */ = {isa = PBXFileReference; fileEncoding = 4; lastKnownFileType = sourcecode.cpp.h; path = aircraft_data.hpp; sourceTree = "<group>"; };
		6173C2DE224F395C00C580D0 /* map_data.cpp */ = {isa = PBXFileReference; fileEncoding = 4; lastKnownFileType = sourcecode.cpp.cpp; path = map_data.cpp; sourceTree = "<group>"; };
		6173C2DF224F395C00C580D0 /* game_data.hpp */ = {isa = PBXFileReference; fileEncoding = 4; lastKnownFileType = sourcecode.cpp.h; path = game_data.hpp; sourceTree = "<group>"; };
		6173C2E0224F395C00C580D0 /* scenario_data.cpp */ = {isa = PBXFileReference; fileEncoding = 4; lastKnownFileType = sourcecode.cpp.cpp; path = scenario_data.cpp; sourceTree = "<group>"; };
		6173C2E1224F395C00C580D0 /* naval_station_data.hpp */ = {isa = PBXFileReference; fileEncoding = 4; lastKnownFileType = sourcecode.cpp.h; path = naval_station_data.hpp; sourceTree = "<group>"; };
		6173C2E2224F395C00C580D0 /* weapon_data.cpp */ = {isa = PBXFileReference; fileEncoding = 4; lastKnownFileType = sourcecode.cpp.cpp; path = weapon_data.cpp; sourceTree = "<group>"; };
		6173C2E3224F395C00C580D0 /* game_data.cpp */ = {isa = PBXFileReference; fileEncoding = 4; lastKnownFileType = sourcecode.cpp.cpp; path = game_data.cpp; sourceTree = "<group>"; };
		6173C2E4224F395C00C580D0 /* map_data.hpp */ = {isa = PBXFileReference; fileEncoding = 4; lastKnownFileType = sourcecode.cpp.h; path = map_data.hpp; sourceTree = "<group>"; };
		6173C2E5224F395C00C580D0 /* scenario_data.hpp */ = {isa = PBXFileReference; fileEncoding = 4; lastKnownFileType = sourcecode.cpp.h; path = scenario_data.hpp; sourceTree = "<group>"; };
		6173C2E6224F395C00C580D0 /* naval_station_data.cpp */ = {isa = PBXFileReference; fileEncoding = 4; lastKnownFileType = sourcecode.cpp.cpp; path = naval_station_data.cpp; sourceTree = "<group>"; };
		6173C2E7224F395C00C580D0 /* weapon_data.hpp */ = {isa = PBXFileReference; fileEncoding = 4; lastKnownFileType = sourcecode.cpp.h; path = weapon_data.hpp; sourceTree = "<group>"; };
		6173C2E8224F395C00C580D0 /* aircraft_data.cpp */ = {isa = PBXFileReference; fileEncoding = 4; lastKnownFileType = sourcecode.cpp.cpp; path = aircraft_data.cpp; sourceTree = "<group>"; };
		6173C2F0224F3A3A00C580D0 /* task_force_exception.hpp */ = {isa = PBXFileReference; fileEncoding = 4; lastKnownFileType = sourcecode.cpp.h; path = task_force_exception.hpp; sourceTree = "<group>"; };
		6173C2F1224F3A3A00C580D0 /* player_exception.hpp */ = {isa = PBXFileReference; fileEncoding = 4; lastKnownFileType = sourcecode.cpp.h; path = player_exception.hpp; sourceTree = "<group>"; };
		6173C2F2224F3A3A00C580D0 /* aircraft_data_exception.hpp */ = {isa = PBXFileReference; fileEncoding = 4; lastKnownFileType = sourcecode.cpp.h; path = aircraft_data_exception.hpp; sourceTree = "<group>"; };
		6173C2F3224F3A3A00C580D0 /* ship_data_exception.hpp */ = {isa = PBXFileReference; fileEncoding = 4; lastKnownFileType = sourcecode.cpp.h; path = ship_data_exception.hpp; sourceTree = "<group>"; };
		6173C2F4224F3A3A00C580D0 /* naval_station_data_exception.hpp */ = {isa = PBXFileReference; fileEncoding = 4; lastKnownFileType = sourcecode.cpp.h; path = naval_station_data_exception.hpp; sourceTree = "<group>"; };
		6173C2F5224F3A3A00C580D0 /* map_setup_exception.hpp */ = {isa = PBXFileReference; fileEncoding = 4; lastKnownFileType = sourcecode.cpp.h; path = map_setup_exception.hpp; sourceTree = "<group>"; };
		6173C2F7224F3A3A00C580D0 /* log.cpp */ = {isa = PBXFileReference; fileEncoding = 4; lastKnownFileType = sourcecode.cpp.cpp; path = log.cpp; sourceTree = "<group>"; };
		6173C2F8224F3A3A00C580D0 /* file.hpp */ = {isa = PBXFileReference; fileEncoding = 4; lastKnownFileType = sourcecode.cpp.h; path = file.hpp; sourceTree = "<group>"; };
		6173C2F9224F3A3A00C580D0 /* debug.hpp */ = {isa = PBXFileReference; fileEncoding = 4; lastKnownFileType = sourcecode.cpp.h; path = debug.hpp; sourceTree = "<group>"; };
		6173C2FA224F3A3A00C580D0 /* file.cpp */ = {isa = PBXFileReference; fileEncoding = 4; lastKnownFileType = sourcecode.cpp.cpp; path = file.cpp; sourceTree = "<group>"; };
		6173C2FB224F3A3A00C580D0 /* log.hpp */ = {isa = PBXFileReference; fileEncoding = 4; lastKnownFileType = sourcecode.cpp.h; path = log.hpp; sourceTree = "<group>"; };
		6173C2FC224F3A3A00C580D0 /* exception.hpp */ = {isa = PBXFileReference; fileEncoding = 4; lastKnownFileType = sourcecode.cpp.h; path = exception.hpp; sourceTree = "<group>"; };
		6173C2FE224F3A3A00C580D0 /* json11.hpp */ = {isa = PBXFileReference; fileEncoding = 4; lastKnownFileType = sourcecode.cpp.h; path = json11.hpp; sourceTree = "<group>"; };
		6173C2FF224F3A3A00C580D0 /* json11.cpp */ = {isa = PBXFileReference; fileEncoding = 4; lastKnownFileType = sourcecode.cpp.cpp; path = json11.cpp; sourceTree = "<group>"; };
		6173C300224F3A3A00C580D0 /* argh.h */ = {isa = PBXFileReference; fileEncoding = 4; lastKnownFileType = sourcecode.c.h; path = argh.h; sourceTree = "<group>"; };
		6173C304224F3A7B00C580D0 /* object.cpp */ = {isa = PBXFileReference; fileEncoding = 4; lastKnownFileType = sourcecode.cpp.cpp; path = object.cpp; sourceTree = "<group>"; };
		6173C305224F3A7B00C580D0 /* object.hpp */ = {isa = PBXFileReference; fileEncoding = 4; lastKnownFileType = sourcecode.cpp.h; path = object.hpp; sourceTree = "<group>"; };
		6173C308224F3CF900C580D0 /* affiliation_type.cpp */ = {isa = PBXFileReference; fileEncoding = 4; lastKnownFileType = sourcecode.cpp.cpp; path = affiliation_type.cpp; sourceTree = "<group>"; };
		6173C309224F3CF900C580D0 /* weapon_system_type.hpp */ = {isa = PBXFileReference; fileEncoding = 4; lastKnownFileType = sourcecode.cpp.h; path = weapon_system_type.hpp; sourceTree = "<group>"; };
		6173C30A224F3CF900C580D0 /* unit_type.hpp */ = {isa = PBXFileReference; fileEncoding = 4; lastKnownFileType = sourcecode.cpp.h; path = unit_type.hpp; sourceTree = "<group>"; };
		6173C30B224F3CF900C580D0 /* task_force_mission_type.hpp */ = {isa = PBXFileReference; fileEncoding = 4; lastKnownFileType = sourcecode.cpp.h; path = task_force_mission_type.hpp; sourceTree = "<group>"; };
		6173C30C224F3CF900C580D0 /* aircraft_type.cpp */ = {isa = PBXFileReference; fileEncoding = 4; lastKnownFileType = sourcecode.cpp.cpp; path = aircraft_type.cpp; sourceTree = "<group>"; };
		6173C30D224F3CF900C580D0 /* grid_type.hpp */ = {isa = PBXFileReference; fileEncoding = 4; lastKnownFileType = sourcecode.cpp.h; path = grid_type.hpp; sourceTree = "<group>"; };
		6173C30E224F3CF900C580D0 /* weather_type.hpp */ = {isa = PBXFileReference; fileEncoding = 4; lastKnownFileType = sourcecode.cpp.h; path = weather_type.hpp; sourceTree = "<group>"; };
		6173C30F224F3CF900C580D0 /* unit_type.cpp */ = {isa = PBXFileReference; fileEncoding = 4; lastKnownFileType = sourcecode.cpp.cpp; path = unit_type.cpp; sourceTree = "<group>"; };
		6173C310224F3CF900C580D0 /* task_force_mission_type.cpp */ = {isa = PBXFileReference; fileEncoding = 4; lastKnownFileType = sourcecode.cpp.cpp; path = task_force_mission_type.cpp; sourceTree = "<group>"; };
		6173C311224F3CF900C580D0 /* aircraft_type.hpp */ = {isa = PBXFileReference; fileEncoding = 4; lastKnownFileType = sourcecode.cpp.h; path = aircraft_type.hpp; sourceTree = "<group>"; };
		6173C312224F3CF900C580D0 /* grid_type.cpp */ = {isa = PBXFileReference; fileEncoding = 4; lastKnownFileType = sourcecode.cpp.cpp; path = grid_type.cpp; sourceTree = "<group>"; };
		6173C313224F3CF900C580D0 /* weather_type.cpp */ = {isa = PBXFileReference; fileEncoding = 4; lastKnownFileType = sourcecode.cpp.cpp; path = weather_type.cpp; sourceTree = "<group>"; };
		6173C314224F3CF900C580D0 /* affiliation_type.hpp */ = {isa = PBXFileReference; fileEncoding = 4; lastKnownFileType = sourcecode.cpp.h; path = affiliation_type.hpp; sourceTree = "<group>"; };
		6173C315224F3CF900C580D0 /* weapon_system_type.cpp */ = {isa = PBXFileReference; fileEncoding = 4; lastKnownFileType = sourcecode.cpp.cpp; path = weapon_system_type.cpp; sourceTree = "<group>"; };
		6173C316224F3CF900C580D0 /* naval_station_type.hpp */ = {isa = PBXFileReference; fileEncoding = 4; lastKnownFileType = sourcecode.cpp.h; path = naval_station_type.hpp; sourceTree = "<group>"; };
		6173C31E224F3D0200C580D0 /* ship_data.hpp */ = {isa = PBXFileReference; fileEncoding = 4; lastKnownFileType = sourcecode.cpp.h; path = ship_data.hpp; sourceTree = "<group>"; };
		6173C31F224F3D0200C580D0 /* ship_data.cpp */ = {isa = PBXFileReference; fileEncoding = 4; lastKnownFileType = sourcecode.cpp.cpp; path = ship_data.cpp; sourceTree = "<group>"; };
		618D3FCF22239D0400C081CA /* map_exception.hpp */ = {isa = PBXFileReference; fileEncoding = 4; lastKnownFileType = sourcecode.cpp.h; path = map_exception.hpp; sourceTree = "<group>"; };
		618D3FDB2225D4E200C081CA /* pipeline_unit.cpp */ = {isa = PBXFileReference; fileEncoding = 4; lastKnownFileType = sourcecode.cpp.cpp; path = pipeline_unit.cpp; sourceTree = "<group>"; };
		618D3FDC2225D4E200C081CA /* pipeline_unit.hpp */ = {isa = PBXFileReference; fileEncoding = 4; lastKnownFileType = sourcecode.cpp.h; path = pipeline_unit.hpp; sourceTree = "<group>"; };
		618D3FDE2225D64E00C081CA /* pipeline.cpp */ = {isa = PBXFileReference; fileEncoding = 4; lastKnownFileType = sourcecode.cpp.cpp; path = pipeline.cpp; sourceTree = "<group>"; };
		618D3FDF2225D64E00C081CA /* pipeline.hpp */ = {isa = PBXFileReference; fileEncoding = 4; lastKnownFileType = sourcecode.cpp.h; path = pipeline.hpp; sourceTree = "<group>"; };
		61F7D00F2210980D009C3F34 /* north_atlantic_86 */ = {isa = PBXFileReference; explicitFileType = "compiled.mach-o.executable"; includeInIndex = 0; path = north_atlantic_86; sourceTree = BUILT_PRODUCTS_DIR; };
		61F7D0122210980D009C3F34 /* main.cpp */ = {isa = PBXFileReference; lastKnownFileType = sourcecode.cpp.cpp; path = main.cpp; sourceTree = "<group>"; };
		61F7D0192210985D009C3F34 /* unit.cpp */ = {isa = PBXFileReference; fileEncoding = 4; lastKnownFileType = sourcecode.cpp.cpp; path = unit.cpp; sourceTree = "<group>"; };
		61F7D01A2210985D009C3F34 /* unit.hpp */ = {isa = PBXFileReference; fileEncoding = 4; lastKnownFileType = sourcecode.cpp.h; path = unit.hpp; sourceTree = "<group>"; };
		61F7D01F22109FD3009C3F34 /* grid.cpp */ = {isa = PBXFileReference; fileEncoding = 4; lastKnownFileType = sourcecode.cpp.cpp; path = grid.cpp; sourceTree = "<group>"; };
		61F7D02022109FD3009C3F34 /* grid.hpp */ = {isa = PBXFileReference; fileEncoding = 4; lastKnownFileType = sourcecode.cpp.h; path = grid.hpp; sourceTree = "<group>"; };
		61F7D0272210A523009C3F34 /* weather.cpp */ = {isa = PBXFileReference; fileEncoding = 4; lastKnownFileType = sourcecode.cpp.cpp; path = weather.cpp; sourceTree = "<group>"; };
		61F7D0282210A523009C3F34 /* weather.hpp */ = {isa = PBXFileReference; fileEncoding = 4; lastKnownFileType = sourcecode.cpp.h; path = weather.hpp; sourceTree = "<group>"; };
		61F7D02D2210BDD3009C3F34 /* map.cpp */ = {isa = PBXFileReference; fileEncoding = 4; lastKnownFileType = sourcecode.cpp.cpp; path = map.cpp; sourceTree = "<group>"; };
		61F7D02E2210BDD3009C3F34 /* map.hpp */ = {isa = PBXFileReference; fileEncoding = 4; lastKnownFileType = sourcecode.cpp.h; path = map.hpp; sourceTree = "<group>"; };
		61F7D0342211D972009C3F34 /* game.cpp */ = {isa = PBXFileReference; fileEncoding = 4; lastKnownFileType = sourcecode.cpp.cpp; path = game.cpp; sourceTree = "<group>"; };
		61F7D0352211D972009C3F34 /* game.hpp */ = {isa = PBXFileReference; fileEncoding = 4; lastKnownFileType = sourcecode.cpp.h; path = game.hpp; sourceTree = "<group>"; };
/* End PBXFileReference section */

/* Begin PBXFrameworksBuildPhase section */
		61F7D00C2210980D009C3F34 /* Frameworks */ = {
			isa = PBXFrameworksBuildPhase;
			buildActionMask = 2147483647;
			files = (
			);
			runOnlyForDeploymentPostprocessing = 0;
		};
/* End PBXFrameworksBuildPhase section */

/* Begin PBXGroup section */
		61047427222349080095A80B /* data */ = {
			isa = PBXGroup;
			children = (
				610474282223491A0095A80B /* aircraft_data.json */,
				6104742A2223491A0095A80B /* map_data.json */,
				6104743022234ACC0095A80B /* naval_station_data.json */,
				617070CE224B405E0083C2EC /* scenario_1_data.json */,
				6104742B2223491A0095A80B /* ship_data.json */,
				610474292223491A0095A80B /* weapon_data.json */,
			);
			name = data;
			sourceTree = "<group>";
		};
		6173C2DC224F395C00C580D0 /* data */ = {
			isa = PBXGroup;
			children = (
				6173C2E8224F395C00C580D0 /* aircraft_data.cpp */,
				6173C2DD224F395C00C580D0 /* aircraft_data.hpp */,
				6173C2E3224F395C00C580D0 /* game_data.cpp */,
				6173C2DF224F395C00C580D0 /* game_data.hpp */,
				6173C2DE224F395C00C580D0 /* map_data.cpp */,
				6173C2E4224F395C00C580D0 /* map_data.hpp */,
				6173C2E6224F395C00C580D0 /* naval_station_data.cpp */,
				6173C2E1224F395C00C580D0 /* naval_station_data.hpp */,
				6173C2E0224F395C00C580D0 /* scenario_data.cpp */,
				6173C2E5224F395C00C580D0 /* scenario_data.hpp */,
				6173C31F224F3D0200C580D0 /* ship_data.cpp */,
				6173C31E224F3D0200C580D0 /* ship_data.hpp */,
				6173C2E2224F395C00C580D0 /* weapon_data.cpp */,
				6173C2E7224F395C00C580D0 /* weapon_data.hpp */,
			);
			path = data;
			sourceTree = "<group>";
		};
		6173C2EF224F3A3A00C580D0 /* exceptions */ = {
			isa = PBXGroup;
			children = (
				6173C2F2224F3A3A00C580D0 /* aircraft_data_exception.hpp */,
				6173C2F5224F3A3A00C580D0 /* map_setup_exception.hpp */,
				6173C2F4224F3A3A00C580D0 /* naval_station_data_exception.hpp */,
				6173C2F1224F3A3A00C580D0 /* player_exception.hpp */,
				6173C2F3224F3A3A00C580D0 /* ship_data_exception.hpp */,
				6173C2F0224F3A3A00C580D0 /* task_force_exception.hpp */,
			);
			path = exceptions;
			sourceTree = "<group>";
		};
		6173C2F6224F3A3A00C580D0 /* framework */ = {
			isa = PBXGroup;
			children = (
				6173C2F9224F3A3A00C580D0 /* debug.hpp */,
				6173C2FC224F3A3A00C580D0 /* exception.hpp */,
				6173C2FA224F3A3A00C580D0 /* file.cpp */,
				6173C2F8224F3A3A00C580D0 /* file.hpp */,
				6173C2F7224F3A3A00C580D0 /* log.cpp */,
				6173C2FB224F3A3A00C580D0 /* log.hpp */,
				6173C304224F3A7B00C580D0 /* object.cpp */,
				6173C305224F3A7B00C580D0 /* object.hpp */,
			);
			path = framework;
			sourceTree = "<group>";
		};
		6173C2FD224F3A3A00C580D0 /* vendor */ = {
			isa = PBXGroup;
			children = (
				6173C300224F3A3A00C580D0 /* argh.h */,
				6173C2FF224F3A3A00C580D0 /* json11.cpp */,
				6173C2FE224F3A3A00C580D0 /* json11.hpp */,
			);
			path = vendor;
			sourceTree = "<group>";
		};
		6173C307224F3CF900C580D0 /* types */ = {
			isa = PBXGroup;
			children = (
				6173C308224F3CF900C580D0 /* affiliation_type.cpp */,
				6173C309224F3CF900C580D0 /* weapon_system_type.hpp */,
				6173C30A224F3CF900C580D0 /* unit_type.hpp */,
				6173C30B224F3CF900C580D0 /* task_force_mission_type.hpp */,
				6173C30C224F3CF900C580D0 /* aircraft_type.cpp */,
				6173C30D224F3CF900C580D0 /* grid_type.hpp */,
				6173C30E224F3CF900C580D0 /* weather_type.hpp */,
				6173C30F224F3CF900C580D0 /* unit_type.cpp */,
				6173C310224F3CF900C580D0 /* task_force_mission_type.cpp */,
				6173C311224F3CF900C580D0 /* aircraft_type.hpp */,
				6173C312224F3CF900C580D0 /* grid_type.cpp */,
				6173C313224F3CF900C580D0 /* weather_type.cpp */,
				6173C314224F3CF900C580D0 /* affiliation_type.hpp */,
				6173C315224F3CF900C580D0 /* weapon_system_type.cpp */,
				6173C316224F3CF900C580D0 /* naval_station_type.hpp */,
			);
			path = types;
			sourceTree = "<group>";
		};
		61F7D0062210980D009C3F34 = {
			isa = PBXGroup;
			children = (
				61047427222349080095A80B /* data */,
				61F7D0112210980D009C3F34 /* north_atlantic_86 */,
				61F7D0102210980D009C3F34 /* Products */,
			);
			sourceTree = "<group>";
		};
		61F7D0102210980D009C3F34 /* Products */ = {
			isa = PBXGroup;
			children = (
				61F7D00F2210980D009C3F34 /* north_atlantic_86 */,
			);
			name = Products;
			sourceTree = "<group>";
		};
		61F7D0112210980D009C3F34 /* north_atlantic_86 */ = {
			isa = PBXGroup;
			children = (
				61148EBB2220923D00AFF3F1 /* aircraft.cpp */,
				61148EBC2220923D00AFF3F1 /* aircraft.hpp */,
				6173C2DC224F395C00C580D0 /* data */,
				6173C2EF224F3A3A00C580D0 /* exceptions */,
				6173C2F6224F3A3A00C580D0 /* framework */,
				61F7D0342211D972009C3F34 /* game.cpp */,
				61F7D0352211D972009C3F34 /* game.hpp */,
				61F7D01F22109FD3009C3F34 /* grid.cpp */,
				61F7D02022109FD3009C3F34 /* grid.hpp */,
				61F7D0122210980D009C3F34 /* main.cpp */,
				61148E95221CF10F00AFF3F1 /* map_display_ascii.cpp */,
				61148E96221CF10F00AFF3F1 /* map_display_ascii.hpp */,
				618D3FCF22239D0400C081CA /* map_exception.hpp */,
				61F7D02D2210BDD3009C3F34 /* map.cpp */,
				61F7D02E2210BDD3009C3F34 /* map.hpp */,
				61148E4A2214FBFF00AFF3F1 /* mutable_unit.cpp */,
				61148E4B2214FBFF00AFF3F1 /* mutable_unit.hpp */,
				61148EC12223445700AFF3F1 /* naval_station.cpp */,
				61148EC22223445700AFF3F1 /* naval_station.hpp */,
				618D3FDB2225D4E200C081CA /* pipeline_unit.cpp */,
				618D3FDC2225D4E200C081CA /* pipeline_unit.hpp */,
				618D3FDE2225D64E00C081CA /* pipeline.cpp */,
				618D3FDF2225D64E00C081CA /* pipeline.hpp */,
				61148E192213460000AFF3F1 /* player.cpp */,
				61148E1A2213460000AFF3F1 /* player.hpp */,
				61148E98221D0A4300AFF3F1 /* task_force.cpp */,
				61148E99221D0A4300AFF3F1 /* task_force.hpp */,
				61148EA4221DB96100AFF3F1 /* tests.cpp */,
				61148EA5221DB96100AFF3F1 /* tests.hpp */,
				6173C307224F3CF900C580D0 /* types */,
				61F7D0192210985D009C3F34 /* unit.cpp */,
				61F7D01A2210985D009C3F34 /* unit.hpp */,
				6173C2FD224F3A3A00C580D0 /* vendor */,
				61148E94221CCFD300AFF3F1 /* weapon_data_exception.hpp */,
				61148E73221765E300AFF3F1 /* weapon_mount_exception.hpp */,
				61148E6F2217636A00AFF3F1 /* weapon_mount.cpp */,
				61148E702217636A00AFF3F1 /* weapon_mount.hpp */,
				61148E69221695A600AFF3F1 /* weapon_system.cpp */,
				61148E6A221695A600AFF3F1 /* weapon_system.hpp */,
				61F7D0272210A523009C3F34 /* weather.cpp */,
				61F7D0282210A523009C3F34 /* weather.hpp */,
			);
			path = north_atlantic_86;
			sourceTree = "<group>";
		};
/* End PBXGroup section */

/* Begin PBXNativeTarget section */
		61F7D00E2210980D009C3F34 /* north_atlantic_86 */ = {
			isa = PBXNativeTarget;
			buildConfigurationList = 61F7D0162210980D009C3F34 /* Build configuration list for PBXNativeTarget "north_atlantic_86" */;
			buildPhases = (
				61F7D00B2210980D009C3F34 /* Sources */,
				61F7D00C2210980D009C3F34 /* Frameworks */,
				61F7D00D2210980D009C3F34 /* CopyFiles */,
			);
			buildRules = (
			);
			dependencies = (
			);
			name = north_atlantic_86;
			productName = north_atlantic_86;
			productReference = 61F7D00F2210980D009C3F34 /* north_atlantic_86 */;
			productType = "com.apple.product-type.tool";
		};
/* End PBXNativeTarget section */

/* Begin PBXProject section */
		61F7D0072210980D009C3F34 /* Project object */ = {
			isa = PBXProject;
			attributes = {
				LastUpgradeCheck = 1020;
				ORGANIZATIONNAME = "STEPHEN ORENS";
				TargetAttributes = {
					61F7D00E2210980D009C3F34 = {
						CreatedOnToolsVersion = 8.2.1;
						ProvisioningStyle = Automatic;
					};
				};
			};
			buildConfigurationList = 61F7D00A2210980D009C3F34 /* Build configuration list for PBXProject "north_atlantic_86" */;
			compatibilityVersion = "Xcode 3.2";
			developmentRegion = English;
			hasScannedForEncodings = 0;
			knownRegions = (
				English,
				en,
			);
			mainGroup = 61F7D0062210980D009C3F34;
			productRefGroup = 61F7D0102210980D009C3F34 /* Products */;
			projectDirPath = "";
			projectRoot = "";
			targets = (
				61F7D00E2210980D009C3F34 /* north_atlantic_86 */,
			);
		};
/* End PBXProject section */

/* Begin PBXSourcesBuildPhase section */
		61F7D00B2210980D009C3F34 /* Sources */ = {
			isa = PBXSourcesBuildPhase;
			buildActionMask = 2147483647;
			files = (
				6173C2E9224F395C00C580D0 /* map_data.cpp in Sources */,
				6173C2ED224F395C00C580D0 /* naval_station_data.cpp in Sources */,
				6173C2EA224F395C00C580D0 /* scenario_data.cpp in Sources */,
				61148E6B221695A600AFF3F1 /* weapon_system.cpp in Sources */,
				6173C31D224F3CF900C580D0 /* weapon_system_type.cpp in Sources */,
				61148E712217636A00AFF3F1 /* weapon_mount.cpp in Sources */,
				6173C31B224F3CF900C580D0 /* grid_type.cpp in Sources */,
				61148E4C2214FBFF00AFF3F1 /* mutable_unit.cpp in Sources */,
				6173C302224F3A3B00C580D0 /* file.cpp in Sources */,
				61F7D0362211D972009C3F34 /* game.cpp in Sources */,
				6173C31A224F3CF900C580D0 /* task_force_mission_type.cpp in Sources */,
				6173C306224F3A7B00C580D0 /* object.cpp in Sources */,
				61148E1B2213460000AFF3F1 /* player.cpp in Sources */,
				61F7D01B2210985D009C3F34 /* unit.cpp in Sources */,
				6173C303224F3A3B00C580D0 /* json11.cpp in Sources */,
				61F7D02122109FD3009C3F34 /* grid.cpp in Sources */,
				6173C2EC224F395C00C580D0 /* game_data.cpp in Sources */,
				61F7D0292210A523009C3F34 /* weather.cpp in Sources */,
				61F7D02F2210BDD3009C3F34 /* map.cpp in Sources */,
				6173C31C224F3CF900C580D0 /* weather_type.cpp in Sources */,
				6173C317224F3CF900C580D0 /* affiliation_type.cpp in Sources */,
				6173C2EB224F395C00C580D0 /* weapon_data.cpp in Sources */,
				618D3FDD2225D4E200C081CA /* pipeline_unit.cpp in Sources */,
				618D3FE02225D64E00C081CA /* pipeline.cpp in Sources */,
				6173C318224F3CF900C580D0 /* aircraft_type.cpp in Sources */,
				6173C301224F3A3B00C580D0 /* log.cpp in Sources */,
				61148E9A221D0A4300AFF3F1 /* task_force.cpp in Sources */,
				61148EC32223445700AFF3F1 /* naval_station.cpp in Sources */,
				61148EBD2220923D00AFF3F1 /* aircraft.cpp in Sources */,
				61148E97221CF10F00AFF3F1 /* map_display_ascii.cpp in Sources */,
				6173C2EE224F395C00C580D0 /* aircraft_data.cpp in Sources */,
				6173C320224F3D0300C580D0 /* ship_data.cpp in Sources */,
				61F7D0132210980D009C3F34 /* main.cpp in Sources */,
				61148EA6221DB96100AFF3F1 /* tests.cpp in Sources */,
				6173C319224F3CF900C580D0 /* unit_type.cpp in Sources */,
			);
			runOnlyForDeploymentPostprocessing = 0;
		};
/* End PBXSourcesBuildPhase section */

/* Begin XCBuildConfiguration section */
		61F7D0142210980D009C3F34 /* Debug */ = {
			isa = XCBuildConfiguration;
			buildSettings = {
				ALWAYS_SEARCH_USER_PATHS = NO;
				CLANG_ANALYZER_LOCALIZABILITY_NONLOCALIZED = YES;
				CLANG_ANALYZER_NONNULL = YES;
				CLANG_CXX_LANGUAGE_STANDARD = "gnu++0x";
				CLANG_CXX_LIBRARY = "libc++";
				CLANG_ENABLE_MODULES = YES;
				CLANG_ENABLE_OBJC_ARC = YES;
				CLANG_WARN_BLOCK_CAPTURE_AUTORELEASING = YES;
				CLANG_WARN_BOOL_CONVERSION = YES;
				CLANG_WARN_COMMA = YES;
				CLANG_WARN_CONSTANT_CONVERSION = YES;
				CLANG_WARN_DEPRECATED_OBJC_IMPLEMENTATIONS = YES;
				CLANG_WARN_DIRECT_OBJC_ISA_USAGE = YES_ERROR;
				CLANG_WARN_DOCUMENTATION_COMMENTS = YES;
				CLANG_WARN_EMPTY_BODY = YES;
				CLANG_WARN_ENUM_CONVERSION = YES;
				CLANG_WARN_INFINITE_RECURSION = YES;
				CLANG_WARN_INT_CONVERSION = YES;
				CLANG_WARN_NON_LITERAL_NULL_CONVERSION = YES;
				CLANG_WARN_OBJC_IMPLICIT_RETAIN_SELF = YES;
				CLANG_WARN_OBJC_LITERAL_CONVERSION = YES;
				CLANG_WARN_OBJC_ROOT_CLASS = YES_ERROR;
				CLANG_WARN_RANGE_LOOP_ANALYSIS = YES;
				CLANG_WARN_STRICT_PROTOTYPES = YES;
				CLANG_WARN_SUSPICIOUS_MOVE = YES;
				CLANG_WARN_UNREACHABLE_CODE = YES;
				CLANG_WARN__DUPLICATE_METHOD_MATCH = YES;
				CODE_SIGN_IDENTITY = "-";
				COPY_PHASE_STRIP = NO;
				DEBUG_INFORMATION_FORMAT = dwarf;
				ENABLE_STRICT_OBJC_MSGSEND = YES;
				ENABLE_TESTABILITY = YES;
				GCC_C_LANGUAGE_STANDARD = gnu99;
				GCC_DYNAMIC_NO_PIC = NO;
				GCC_NO_COMMON_BLOCKS = YES;
				GCC_OPTIMIZATION_LEVEL = 0;
				GCC_PREPROCESSOR_DEFINITIONS = (
					"DEBUG=1",
					"$(inherited)",
				);
				GCC_WARN_64_TO_32_BIT_CONVERSION = YES;
				GCC_WARN_ABOUT_RETURN_TYPE = YES_ERROR;
				GCC_WARN_UNDECLARED_SELECTOR = YES;
				GCC_WARN_UNINITIALIZED_AUTOS = YES_AGGRESSIVE;
				GCC_WARN_UNUSED_FUNCTION = YES;
				GCC_WARN_UNUSED_VARIABLE = YES;
				MACOSX_DEPLOYMENT_TARGET = 10.11;
				MTL_ENABLE_DEBUG_INFO = YES;
				ONLY_ACTIVE_ARCH = YES;
				SDKROOT = macosx;
			};
			name = Debug;
		};
		61F7D0152210980D009C3F34 /* Release */ = {
			isa = XCBuildConfiguration;
			buildSettings = {
				ALWAYS_SEARCH_USER_PATHS = NO;
				CLANG_ANALYZER_LOCALIZABILITY_NONLOCALIZED = YES;
				CLANG_ANALYZER_NONNULL = YES;
				CLANG_CXX_LANGUAGE_STANDARD = "gnu++0x";
				CLANG_CXX_LIBRARY = "libc++";
				CLANG_ENABLE_MODULES = YES;
				CLANG_ENABLE_OBJC_ARC = YES;
				CLANG_WARN_BLOCK_CAPTURE_AUTORELEASING = YES;
				CLANG_WARN_BOOL_CONVERSION = YES;
				CLANG_WARN_COMMA = YES;
				CLANG_WARN_CONSTANT_CONVERSION = YES;
				CLANG_WARN_DEPRECATED_OBJC_IMPLEMENTATIONS = YES;
				CLANG_WARN_DIRECT_OBJC_ISA_USAGE = YES_ERROR;
				CLANG_WARN_DOCUMENTATION_COMMENTS = YES;
				CLANG_WARN_EMPTY_BODY = YES;
				CLANG_WARN_ENUM_CONVERSION = YES;
				CLANG_WARN_INFINITE_RECURSION = YES;
				CLANG_WARN_INT_CONVERSION = YES;
				CLANG_WARN_NON_LITERAL_NULL_CONVERSION = YES;
				CLANG_WARN_OBJC_IMPLICIT_RETAIN_SELF = YES;
				CLANG_WARN_OBJC_LITERAL_CONVERSION = YES;
				CLANG_WARN_OBJC_ROOT_CLASS = YES_ERROR;
				CLANG_WARN_RANGE_LOOP_ANALYSIS = YES;
				CLANG_WARN_STRICT_PROTOTYPES = YES;
				CLANG_WARN_SUSPICIOUS_MOVE = YES;
				CLANG_WARN_UNREACHABLE_CODE = YES;
				CLANG_WARN__DUPLICATE_METHOD_MATCH = YES;
				CODE_SIGN_IDENTITY = "-";
				COPY_PHASE_STRIP = NO;
				DEBUG_INFORMATION_FORMAT = "dwarf-with-dsym";
				ENABLE_NS_ASSERTIONS = NO;
				ENABLE_STRICT_OBJC_MSGSEND = YES;
				GCC_C_LANGUAGE_STANDARD = gnu99;
				GCC_NO_COMMON_BLOCKS = YES;
				GCC_WARN_64_TO_32_BIT_CONVERSION = YES;
				GCC_WARN_ABOUT_RETURN_TYPE = YES_ERROR;
				GCC_WARN_UNDECLARED_SELECTOR = YES;
				GCC_WARN_UNINITIALIZED_AUTOS = YES_AGGRESSIVE;
				GCC_WARN_UNUSED_FUNCTION = YES;
				GCC_WARN_UNUSED_VARIABLE = YES;
				MACOSX_DEPLOYMENT_TARGET = 10.11;
				MTL_ENABLE_DEBUG_INFO = NO;
				SDKROOT = macosx;
			};
			name = Release;
		};
		61F7D0172210980D009C3F34 /* Debug */ = {
			isa = XCBuildConfiguration;
			buildSettings = {
				OTHER_CPLUSPLUSFLAGS = (
					"$(OTHER_CFLAGS)",
					"-DNDEBUG",
				);
				PRODUCT_NAME = "$(TARGET_NAME)";
			};
			name = Debug;
		};
		61F7D0182210980D009C3F34 /* Release */ = {
			isa = XCBuildConfiguration;
			buildSettings = {
				OTHER_CPLUSPLUSFLAGS = (
					"$(OTHER_CFLAGS)",
					"-DNDEBUG",
				);
				PRODUCT_NAME = "$(TARGET_NAME)";
			};
			name = Release;
		};
/* End XCBuildConfiguration section */

/* Begin XCConfigurationList section */
		61F7D00A2210980D009C3F34 /* Build configuration list for PBXProject "north_atlantic_86" */ = {
			isa = XCConfigurationList;
			buildConfigurations = (
				61F7D0142210980D009C3F34 /* Debug */,
				61F7D0152210980D009C3F34 /* Release */,
			);
			defaultConfigurationIsVisible = 0;
			defaultConfigurationName = Release;
		};
		61F7D0162210980D009C3F34 /* Build configuration list for PBXNativeTarget "north_atlantic_86" */ = {
			isa = XCConfigurationList;
			buildConfigurations = (
				61F7D0172210980D009C3F34 /* Debug */,
				61F7D0182210980D009C3F34 /* Release */,
			);
			defaultConfigurationIsVisible = 0;
			defaultConfigurationName = Release;
		};
/* End XCConfigurationList section */
	};
	rootObject = 61F7D0072210980D009C3F34 /* Project object */;
}
